
Microsoft Visual Studio Solution File, Format Version 12.00
# Visual Studio 15
VisualStudioVersion = 15.0.27703.2035
MinimumVisualStudioVersion = 10.0.40219.1
Project("{FAE04EC0-301F-11D3-BF4B-00C04F79EFBC}") = "WebAppProject", "WebAppProject\WebAppProject.csproj", "{E68B7AA4-B4DB-47F8-9863-70C4747DFBDB}"
EndProject
Global
	GlobalSection(SolutionConfigurationPlatforms) = preSolution
		Debug|Any CPU = Debug|Any CPU
		Release|Any CPU = Release|Any CPU
	EndGlobalSection
	GlobalSection(ProjectConfigurationPlatforms) = postSolution
		{E68B7AA4-B4DB-47F8-9863-70C4747DFBDB}.Debug|Any CPU.ActiveCfg = Debug|Any CPU
		{E68B7AA4-B4DB-47F8-9863-70C4747DFBDB}.Debug|Any CPU.Build.0 = Debug|Any CPU
		{E68B7AA4-B4DB-47F8-9863-70C4747DFBDB}.Release|Any CPU.ActiveCfg = Release|Any CPU
		{E68B7AA4-B4DB-47F8-9863-70C4747DFBDB}.Release|Any CPU.Build.0 = Release|Any CPU
	EndGlobalSection
	GlobalSection(SolutionProperties) = preSolution
		HideSolutionNode = FALSE
	EndGlobalSection
	GlobalSection(ExtensibilityGlobals) = postSolution
		SolutionGuid = {2E8219A1-F0A3-4130-AFF2-008787B27F79}
	EndGlobalSection
EndGlobal
